
Microsoft Visual Studio Solution File, Format Version 12.00
# Visual Studio 15
VisualStudioVersion = 15.0.28307.1169
MinimumVisualStudioVersion = 10.0.40219.1
Project("{FAE04EC0-301F-11D3-BF4B-00C04F79EFBC}") = "MarsRovers", "MarsRovers\MarsRovers.csproj", "{64BA650F-38E5-4F8D-82B4-3A80F0DCF10C}"
EndProject
Project("{FAE04EC0-301F-11D3-BF4B-00C04F79EFBC}") = "UnitTests", "UnitTests\UnitTests.csproj", "{37222334-8B09-4CDF-BAFD-1A98F41550C4}"
EndProject
Global
	GlobalSection(SolutionConfigurationPlatforms) = preSolution
		Debug|Any CPU = Debug|Any CPU
		Release|Any CPU = Release|Any CPU
	EndGlobalSection
	GlobalSection(ProjectConfigurationPlatforms) = postSolution
		{64BA650F-38E5-4F8D-82B4-3A80F0DCF10C}.Debug|Any CPU.ActiveCfg = Debug|Any CPU
		{64BA650F-38E5-4F8D-82B4-3A80F0DCF10C}.Debug|Any CPU.Build.0 = Debug|Any CPU
		{64BA650F-38E5-4F8D-82B4-3A80F0DCF10C}.Release|Any CPU.ActiveCfg = Release|Any CPU
		{64BA650F-38E5-4F8D-82B4-3A80F0DCF10C}.Release|Any CPU.Build.0 = Release|Any CPU
		{37222334-8B09-4CDF-BAFD-1A98F41550C4}.Debug|Any CPU.ActiveCfg = Debug|Any CPU
		{37222334-8B09-4CDF-BAFD-1A98F41550C4}.Debug|Any CPU.Build.0 = Debug|Any CPU
		{37222334-8B09-4CDF-BAFD-1A98F41550C4}.Release|Any CPU.ActiveCfg = Release|Any CPU
		{37222334-8B09-4CDF-BAFD-1A98F41550C4}.Release|Any CPU.Build.0 = Release|Any CPU
	EndGlobalSection
	GlobalSection(SolutionProperties) = preSolution
		HideSolutionNode = FALSE
	EndGlobalSection
	GlobalSection(ExtensibilityGlobals) = postSolution
		SolutionGuid = {3B4F776D-B551-459F-8BDE-94E34C23A176}
	EndGlobalSection
EndGlobal
